
Microsoft Visual Studio Solution File, Format Version 12.00
# Visual Studio Version 17
VisualStudioVersion = 17.11.35327.3
MinimumVisualStudioVersion = 10.0.40219.1
Project("{9A19103F-16F7-4668-BE54-9A1E7A4F7556}") = "BookManagementAuth", "BookManagementAuth.csproj", "{CEE79A4F-67B8-442A-8FEB-67A75778CB53}"
EndProject
Global
	GlobalSection(SolutionConfigurationPlatforms) = preSolution
		Debug|Any CPU = Debug|Any CPU
		Release|Any CPU = Release|Any CPU
	EndGlobalSection
	GlobalSection(ProjectConfigurationPlatforms) = postSolution
		{CEE79A4F-67B8-442A-8FEB-67A75778CB53}.Debug|Any CPU.ActiveCfg = Debug|Any CPU
		{CEE79A4F-67B8-442A-8FEB-67A75778CB53}.Debug|Any CPU.Build.0 = Debug|Any CPU
		{CEE79A4F-67B8-442A-8FEB-67A75778CB53}.Release|Any CPU.ActiveCfg = Release|Any CPU
		{CEE79A4F-67B8-442A-8FEB-67A75778CB53}.Release|Any CPU.Build.0 = Release|Any CPU
	EndGlobalSection
	GlobalSection(SolutionProperties) = preSolution
		HideSolutionNode = FALSE
	EndGlobalSection
	GlobalSection(ExtensibilityGlobals) = postSolution
		SolutionGuid = {EEDF0DD4-976C-4673-9F9C-C8CDCAD6ABB7}
	EndGlobalSection
EndGlobal
